// !$*UTF8*$!
{
	archiveVersion = 1;
	classes = {
	};
	objectVersion = 50;
	objects = {

/* Begin PBXBuildFile section */
		048691D520F6E7BF00C1FEA4 /* AppDelegate.m in Sources */ = {isa = PBXBuildFile; fileRef = 048691D420F6E7BF00C1FEA4 /* AppDelegate.m */; };
		048691D820F6E7BF00C1FEA4 /* ViewController.m in Sources */ = {isa = PBXBuildFile; fileRef = 048691D720F6E7BF00C1FEA4 /* ViewController.m */; };
		048691DB20F6E7BF00C1FEA4 /* Main.storyboard in Resources */ = {isa = PBXBuildFile; fileRef = 048691D920F6E7BF00C1FEA4 /* Main.storyboard */; };
		048691DD20F6E7C100C1FEA4 /* Assets.xcassets in Resources */ = {isa = PBXBuildFile; fileRef = 048691DC20F6E7C100C1FEA4 /* Assets.xcassets */; };
		048691E020F6E7C100C1FEA4 /* LaunchScreen.storyboard in Resources */ = {isa = PBXBuildFile; fileRef = 048691DE20F6E7C100C1FEA4 /* LaunchScreen.storyboard */; };
		048691E320F6E7C100C1FEA4 /* main.m in Sources */ = {isa = PBXBuildFile; fileRef = 048691E220F6E7C100C1FEA4 /* main.m */; };
		048691ED20F6E7C100C1FEA4 /* InstrumentTests.m in Sources */ = {isa = PBXBuildFile; fileRef = 048691EC20F6E7C100C1FEA4 /* InstrumentTests.m */; };
		048691F820F6E7C100C1FEA4 /* InstrumentUITests.m in Sources */ = {isa = PBXBuildFile; fileRef = 048691F720F6E7C100C1FEA4 /* InstrumentUITests.m */; };
		0486920820F6E92100C1FEA4 /* ZgrInstrument.m in Sources */ = {isa = PBXBuildFile; fileRef = 0486920720F6E92100C1FEA4 /* ZgrInstrument.m */; };
/* End PBXBuildFile section */

/* Begin PBXContainerItemProxy section */
		048691E920F6E7C100C1FEA4 /* PBXContainerItemProxy */ = {
			isa = PBXContainerItemProxy;
			containerPortal = 048691C820F6E7BF00C1FEA4 /* Project object */;
			proxyType = 1;
			remoteGlobalIDString = 048691CF20F6E7BF00C1FEA4;
			remoteInfo = Instrument;
		};
		048691F420F6E7C100C1FEA4 /* PBXContainerItemProxy */ = {
			isa = PBXContainerItemProxy;
			containerPortal = 048691C820F6E7BF00C1FEA4 /* Project object */;
			proxyType = 1;
			remoteGlobalIDString = 048691CF20F6E7BF00C1FEA4;
			remoteInfo = Instrument;
		};
/* End PBXContainerItemProxy section */

/* Begin PBXFileReference section */
		048691D020F6E7BF00C1FEA4 /* Instrument.app */ = {isa = PBXFileReference; explicitFileType = wrapper.application; includeInIndex = 0; path = Instrument.app; sourceTree = BUILT_PRODUCTS_DIR; };
		048691D320F6E7BF00C1FEA4 /* AppDelegate.h */ = {isa = PBXFileReference; lastKnownFileType = sourcecode.c.h; path = AppDelegate.h; sourceTree = "<group>"; };
		048691D420F6E7BF00C1FEA4 /* AppDelegate.m */ = {isa = PBXFileReference; lastKnownFileType = sourcecode.c.objc; path = AppDelegate.m; sourceTree = "<group>"; };
		048691D620F6E7BF00C1FEA4 /* ViewController.h */ = {isa = PBXFileReference; lastKnownFileType = sourcecode.c.h; path = ViewController.h; sourceTree = "<group>"; };
		048691D720F6E7BF00C1FEA4 /* ViewController.m */ = {isa = PBXFileReference; lastKnownFileType = sourcecode.c.objc; path = ViewController.m; sourceTree = "<group>"; };
		048691DA20F6E7BF00C1FEA4 /* Base */ = {isa = PBXFileReference; lastKnownFileType = file.storyboard; name = Base; path = Base.lproj/Main.storyboard; sourceTree = "<group>"; };
		048691DC20F6E7C100C1FEA4 /* Assets.xcassets */ = {isa = PBXFileReference; lastKnownFileType = folder.assetcatalog; path = Assets.xcassets; sourceTree = "<group>"; };
		048691DF20F6E7C100C1FEA4 /* Base */ = {isa = PBXFileReference; lastKnownFileType = file.storyboard; name = Base; path = Base.lproj/LaunchScreen.storyboard; sourceTree = "<group>"; };
		048691E120F6E7C100C1FEA4 /* Info.plist */ = {isa = PBXFileReference; lastKnownFileType = text.plist.xml; path = Info.plist; sourceTree = "<group>"; };
		048691E220F6E7C100C1FEA4 /* main.m */ = {isa = PBXFileReference; lastKnownFileType = sourcecode.c.objc; path = main.m; sourceTree = "<group>"; };
		048691E820F6E7C100C1FEA4 /* InstrumentTests.xctest */ = {isa = PBXFileReference; explicitFileType = wrapper.cfbundle; includeInIndex = 0; path = InstrumentTests.xctest; sourceTree = BUILT_PRODUCTS_DIR; };
		048691EC20F6E7C100C1FEA4 /* InstrumentTests.m */ = {isa = PBXFileReference; lastKnownFileType = sourcecode.c.objc; path = InstrumentTests.m; sourceTree = "<group>"; };
		048691EE20F6E7C100C1FEA4 /* Info.plist */ = {isa = PBXFileReference; lastKnownFileType = text.plist.xml; path = Info.plist; sourceTree = "<group>"; };
		048691F320F6E7C100C1FEA4 /* InstrumentUITests.xctest */ = {isa = PBXFileReference; explicitFileType = wrapper.cfbundle; includeInIndex = 0; path = InstrumentUITests.xctest; sourceTree = BUILT_PRODUCTS_DIR; };
		048691F720F6E7C100C1FEA4 /* InstrumentUITests.m */ = {isa = PBXFileReference; lastKnownFileType = sourcecode.c.objc; path = InstrumentUITests.m; sourceTree = "<group>"; };
		048691F920F6E7C100C1FEA4 /* Info.plist */ = {isa = PBXFileReference; lastKnownFileType = text.plist.xml; path = Info.plist; sourceTree = "<group>"; };
		0486920620F6E92100C1FEA4 /* ZgrInstrument.h */ = {isa = PBXFileReference; lastKnownFileType = sourcecode.c.h; path = ZgrInstrument.h; sourceTree = "<group>"; };
		0486920720F6E92100C1FEA4 /* ZgrInstrument.m */ = {isa = PBXFileReference; lastKnownFileType = sourcecode.c.objc; path = ZgrInstrument.m; sourceTree = "<group>"; };
/* End PBXFileReference section */

/* Begin PBXFrameworksBuildPhase section */
		048691CD20F6E7BF00C1FEA4 /* Frameworks */ = {
			isa = PBXFrameworksBuildPhase;
			buildActionMask = 2147483647;
			files = (
			);
			runOnlyForDeploymentPostprocessing = 0;
		};
		048691E520F6E7C100C1FEA4 /* Frameworks */ = {
			isa = PBXFrameworksBuildPhase;
			buildActionMask = 2147483647;
			files = (
			);
			runOnlyForDeploymentPostprocessing = 0;
		};
		048691F020F6E7C100C1FEA4 /* Frameworks */ = {
			isa = PBXFrameworksBuildPhase;
			buildActionMask = 2147483647;
			files = (
			);
			runOnlyForDeploymentPostprocessing = 0;
		};
/* End PBXFrameworksBuildPhase section */

/* Begin PBXGroup section */
		048691C720F6E7BF00C1FEA4 = {
			isa = PBXGroup;
			children = (
				048691D220F6E7BF00C1FEA4 /* Instrument */,
				048691EB20F6E7C100C1FEA4 /* InstrumentTests */,
				048691F620F6E7C100C1FEA4 /* InstrumentUITests */,
				048691D120F6E7BF00C1FEA4 /* Products */,
			);
			sourceTree = "<group>";
		};
		048691D120F6E7BF00C1FEA4 /* Products */ = {
			isa = PBXGroup;
			children = (
				048691D020F6E7BF00C1FEA4 /* Instrument.app */,
				048691E820F6E7C100C1FEA4 /* InstrumentTests.xctest */,
				048691F320F6E7C100C1FEA4 /* InstrumentUITests.xctest */,
			);
			name = Products;
			sourceTree = "<group>";
		};
		048691D220F6E7BF00C1FEA4 /* Instrument */ = {
			isa = PBXGroup;
			children = (
				0486920520F6E80400C1FEA4 /* New Group */,
				048691D320F6E7BF00C1FEA4 /* AppDelegate.h */,
				048691D420F6E7BF00C1FEA4 /* AppDelegate.m */,
				048691D620F6E7BF00C1FEA4 /* ViewController.h */,
				048691D720F6E7BF00C1FEA4 /* ViewController.m */,
				048691D920F6E7BF00C1FEA4 /* Main.storyboard */,
				048691DC20F6E7C100C1FEA4 /* Assets.xcassets */,
				048691DE20F6E7C100C1FEA4 /* LaunchScreen.storyboard */,
				048691E120F6E7C100C1FEA4 /* Info.plist */,
				048691E220F6E7C100C1FEA4 /* main.m */,
			);
			path = Instrument;
			sourceTree = "<group>";
		};
		048691EB20F6E7C100C1FEA4 /* InstrumentTests */ = {
			isa = PBXGroup;
			children = (
				048691EC20F6E7C100C1FEA4 /* InstrumentTests.m */,
				048691EE20F6E7C100C1FEA4 /* Info.plist */,
			);
			path = InstrumentTests;
			sourceTree = "<group>";
		};
		048691F620F6E7C100C1FEA4 /* InstrumentUITests */ = {
			isa = PBXGroup;
			children = (
				048691F720F6E7C100C1FEA4 /* InstrumentUITests.m */,
				048691F920F6E7C100C1FEA4 /* Info.plist */,
			);
			path = InstrumentUITests;
			sourceTree = "<group>";
		};
		0486920520F6E80400C1FEA4 /* New Group */ = {
			isa = PBXGroup;
			children = (
				0486920620F6E92100C1FEA4 /* ZgrInstrument.h */,
				0486920720F6E92100C1FEA4 /* ZgrInstrument.m */,
			);
			path = "New Group";
			sourceTree = "<group>";
		};
/* End PBXGroup section */

/* Begin PBXNativeTarget section */
		048691CF20F6E7BF00C1FEA4 /* Instrument */ = {
			isa = PBXNativeTarget;
			buildConfigurationList = 048691FC20F6E7C100C1FEA4 /* Build configuration list for PBXNativeTarget "Instrument" */;
			buildPhases = (
				048691CC20F6E7BF00C1FEA4 /* Sources */,
				048691CD20F6E7BF00C1FEA4 /* Frameworks */,
				048691CE20F6E7BF00C1FEA4 /* Resources */,
			);
			buildRules = (
			);
			dependencies = (
			);
			name = Instrument;
			productName = Instrument;
			productReference = 048691D020F6E7BF00C1FEA4 /* Instrument.app */;
			productType = "com.apple.product-type.application";
		};
		048691E720F6E7C100C1FEA4 /* InstrumentTests */ = {
			isa = PBXNativeTarget;
			buildConfigurationList = 048691FF20F6E7C100C1FEA4 /* Build configuration list for PBXNativeTarget "InstrumentTests" */;
			buildPhases = (
				048691E420F6E7C100C1FEA4 /* Sources */,
				048691E520F6E7C100C1FEA4 /* Frameworks */,
				048691E620F6E7C100C1FEA4 /* Resources */,
			);
			buildRules = (
			);
			dependencies = (
				048691EA20F6E7C100C1FEA4 /* PBXTargetDependency */,
			);
			name = InstrumentTests;
			productName = InstrumentTests;
			productReference = 048691E820F6E7C100C1FEA4 /* InstrumentTests.xctest */;
			productType = "com.apple.product-type.bundle.unit-test";
		};
		048691F220F6E7C100C1FEA4 /* InstrumentUITests */ = {
			isa = PBXNativeTarget;
			buildConfigurationList = 0486920220F6E7C100C1FEA4 /* Build configuration list for PBXNativeTarget "InstrumentUITests" */;
			buildPhases = (
				048691EF20F6E7C100C1FEA4 /* Sources */,
				048691F020F6E7C100C1FEA4 /* Frameworks */,
				048691F120F6E7C100C1FEA4 /* Resources */,
			);
			buildRules = (
			);
			dependencies = (
				048691F520F6E7C100C1FEA4 /* PBXTargetDependency */,
			);
			name = InstrumentUITests;
			productName = InstrumentUITests;
			productReference = 048691F320F6E7C100C1FEA4 /* InstrumentUITests.xctest */;
			productType = "com.apple.product-type.bundle.ui-testing";
		};
/* End PBXNativeTarget section */

/* Begin PBXProject section */
		048691C820F6E7BF00C1FEA4 /* Project object */ = {
			isa = PBXProject;
			attributes = {
				LastUpgradeCheck = 0940;
				ORGANIZATIONNAME = Mac;
				TargetAttributes = {
					048691CF20F6E7BF00C1FEA4 = {
						CreatedOnToolsVersion = 9.4.1;
					};
					048691E720F6E7C100C1FEA4 = {
						CreatedOnToolsVersion = 9.4.1;
						TestTargetID = 048691CF20F6E7BF00C1FEA4;
					};
					048691F220F6E7C100C1FEA4 = {
						CreatedOnToolsVersion = 9.4.1;
						TestTargetID = 048691CF20F6E7BF00C1FEA4;
					};
				};
			};
			buildConfigurationList = 048691CB20F6E7BF00C1FEA4 /* Build configuration list for PBXProject "Instrument" */;
			compatibilityVersion = "Xcode 9.3";
			developmentRegion = en;
			hasScannedForEncodings = 0;
			knownRegions = (
				en,
				Base,
			);
			mainGroup = 048691C720F6E7BF00C1FEA4;
			productRefGroup = 048691D120F6E7BF00C1FEA4 /* Products */;
			projectDirPath = "";
			projectRoot = "";
			targets = (
				048691CF20F6E7BF00C1FEA4 /* Instrument */,
				048691E720F6E7C100C1FEA4 /* InstrumentTests */,
				048691F220F6E7C100C1FEA4 /* InstrumentUITests */,
			);
		};
/* End PBXProject section */

/* Begin PBXResourcesBuildPhase section */
		048691CE20F6E7BF00C1FEA4 /* Resources */ = {
			isa = PBXResourcesBuildPhase;
			buildActionMask = 2147483647;
			files = (
				048691E020F6E7C100C1FEA4 /* LaunchScreen.storyboard in Resources */,
				048691DD20F6E7C100C1FEA4 /* Assets.xcassets in Resources */,
				048691DB20F6E7BF00C1FEA4 /* Main.storyboard in Resources */,
			);
			runOnlyForDeploymentPostprocessing = 0;
		};
		048691E620F6E7C100C1FEA4 /* Resources */ = {
			isa = PBXResourcesBuildPhase;
			buildActionMask = 2147483647;
			files = (
			);
			runOnlyForDeploymentPostprocessing = 0;
		};
		048691F120F6E7C100C1FEA4 /* Resources */ = {
			isa = PBXResourcesBuildPhase;
			buildActionMask = 2147483647;
			files = (
			);
			runOnlyForDeploymentPostprocessing = 0;
		};
/* End PBXResourcesBuildPhase section */

/* Begin PBXSourcesBuildPhase section */
		048691CC20F6E7BF00C1FEA4 /* Sources */ = {
			isa = PBXSourcesBuildPhase;
			buildActionMask = 2147483647;
			files = (
				048691D820F6E7BF00C1FEA4 /* ViewController.m in Sources */,
				048691E320F6E7C100C1FEA4 /* main.m in Sources */,
				0486920820F6E92100C1FEA4 /* ZgrInstrument.m in Sources */,
				048691D520F6E7BF00C1FEA4 /* AppDelegate.m in Sources */,
			);
			runOnlyForDeploymentPostprocessing = 0;
		};
		048691E420F6E7C100C1FEA4 /* Sources */ = {
			isa = PBXSourcesBuildPhase;
			buildActionMask = 2147483647;
			files = (
				048691ED20F6E7C100C1FEA4 /* InstrumentTests.m in Sources */,
			);
			runOnlyForDeploymentPostprocessing = 0;
		};
		048691EF20F6E7C100C1FEA4 /* Sources */ = {
			isa = PBXSourcesBuildPhase;
			buildActionMask = 2147483647;
			files = (
				048691F820F6E7C100C1FEA4 /* InstrumentUITests.m in Sources */,
			);
			runOnlyForDeploymentPostprocessing = 0;
		};
/* End PBXSourcesBuildPhase section */

/* Begin PBXTargetDependency section */
		048691EA20F6E7C100C1FEA4 /* PBXTargetDependency */ = {
			isa = PBXTargetDependency;
			target = 048691CF20F6E7BF00C1FEA4 /* Instrument */;
			targetProxy = 048691E920F6E7C100C1FEA4 /* PBXContainerItemProxy */;
		};
		048691F520F6E7C100C1FEA4 /* PBXTargetDependency */ = {
			isa = PBXTargetDependency;
			target = 048691CF20F6E7BF00C1FEA4 /* Instrument */;
			targetProxy = 048691F420F6E7C100C1FEA4 /* PBXContainerItemProxy */;
		};
/* End PBXTargetDependency section */

/* Begin PBXVariantGroup section */
		048691D920F6E7BF00C1FEA4 /* Main.storyboard */ = {
			isa = PBXVariantGroup;
			children = (
				048691DA20F6E7BF00C1FEA4 /* Base */,
			);
			name = Main.storyboard;
			sourceTree = "<group>";
		};
		048691DE20F6E7C100C1FEA4 /* LaunchScreen.storyboard */ = {
			isa = PBXVariantGroup;
			children = (
				048691DF20F6E7C100C1FEA4 /* Base */,
			);
			name = LaunchScreen.storyboard;
			sourceTree = "<group>";
		};
/* End PBXVariantGroup section */

/* Begin XCBuildConfiguration section */
		048691FA20F6E7C100C1FEA4 /* Debug */ = {
			isa = XCBuildConfiguration;
			buildSettings = {
				ALWAYS_SEARCH_USER_PATHS = NO;
				CLANG_ANALYZER_NONNULL = YES;
				CLANG_ANALYZER_NUMBER_OBJECT_CONVERSION = YES_AGGRESSIVE;
				CLANG_CXX_LANGUAGE_STANDARD = "gnu++14";
				CLANG_CXX_LIBRARY = "libc++";
				CLANG_ENABLE_MODULES = YES;
				CLANG_ENABLE_OBJC_ARC = YES;
				CLANG_ENABLE_OBJC_WEAK = YES;
				CLANG_WARN_BLOCK_CAPTURE_AUTORELEASING = YES;
				CLANG_WARN_BOOL_CONVERSION = YES;
				CLANG_WARN_COMMA = YES;
				CLANG_WARN_CONSTANT_CONVERSION = YES;
				CLANG_WARN_DEPRECATED_OBJC_IMPLEMENTATIONS = YES;
				CLANG_WARN_DIRECT_OBJC_ISA_USAGE = YES_ERROR;
				CLANG_WARN_DOCUMENTATION_COMMENTS = YES;
				CLANG_WARN_EMPTY_BODY = YES;
				CLANG_WARN_ENUM_CONVERSION = YES;
				CLANG_WARN_INFINITE_RECURSION = YES;
				CLANG_WARN_INT_CONVERSION = YES;
				CLANG_WARN_NON_LITERAL_NULL_CONVERSION = YES;
				CLANG_WARN_OBJC_IMPLICIT_RETAIN_SELF = YES;
				CLANG_WARN_OBJC_LITERAL_CONVERSION = YES;
				CLANG_WARN_OBJC_ROOT_CLASS = YES_ERROR;
				CLANG_WARN_RANGE_LOOP_ANALYSIS = YES;
				CLANG_WARN_STRICT_PROTOTYPES = YES;
				CLANG_WARN_SUSPICIOUS_MOVE = YES;
				CLANG_WARN_UNGUARDED_AVAILABILITY = YES_AGGRESSIVE;
				CLANG_WARN_UNREACHABLE_CODE = YES;
				CLANG_WARN__DUPLICATE_METHOD_MATCH = YES;
				CODE_SIGN_IDENTITY = "iPhone Developer";
				COPY_PHASE_STRIP = NO;
				DEBUG_INFORMATION_FORMAT = dwarf;
				ENABLE_STRICT_OBJC_MSGSEND = YES;
				ENABLE_TESTABILITY = YES;
				GCC_C_LANGUAGE_STANDARD = gnu11;
				GCC_DYNAMIC_NO_PIC = NO;
				GCC_NO_COMMON_BLOCKS = YES;
				GCC_OPTIMIZATION_LEVEL = 0;
				GCC_PREPROCESSOR_DEFINITIONS = (
					"DEBUG=1",
					"$(inherited)",
				);
				GCC_WARN_64_TO_32_BIT_CONVERSION = YES;
				GCC_WARN_ABOUT_RETURN_TYPE = YES_ERROR;
				GCC_WARN_UNDECLARED_SELECTOR = YES;
				GCC_WARN_UNINITIALIZED_AUTOS = YES_AGGRESSIVE;
				GCC_WARN_UNUSED_FUNCTION = YES;
				GCC_WARN_UNUSED_VARIABLE = YES;
				IPHONEOS_DEPLOYMENT_TARGET = 11.4;
				MTL_ENABLE_DEBUG_INFO = YES;
				ONLY_ACTIVE_ARCH = YES;
				SDKROOT = iphoneos;
			};
			name = Debug;
		};
		048691FB20F6E7C100C1FEA4 /* Release */ = {
			isa = XCBuildConfiguration;
			buildSettings = {
				ALWAYS_SEARCH_USER_PATHS = NO;
				CLANG_ANALYZER_NONNULL = YES;
				CLANG_ANALYZER_NUMBER_OBJECT_CONVERSION = YES_AGGRESSIVE;
				CLANG_CXX_LANGUAGE_STANDARD = "gnu++14";
				CLANG_CXX_LIBRARY = "libc++";
				CLANG_ENABLE_MODULES = YES;
				CLANG_ENABLE_OBJC_ARC = YES;
				CLANG_ENABLE_OBJC_WEAK = YES;
				CLANG_WARN_BLOCK_CAPTURE_AUTORELEASING = YES;
				CLANG_WARN_BOOL_CONVERSION = YES;
				CLANG_WARN_COMMA = YES;
				CLANG_WARN_CONSTANT_CONVERSION = YES;
				CLANG_WARN_DEPRECATED_OBJC_IMPLEMENTATIONS = YES;
				CLANG_WARN_DIRECT_OBJC_ISA_USAGE = YES_ERROR;
				CLANG_WARN_DOCUMENTATION_COMMENTS = YES;
				CLANG_WARN_EMPTY_BODY = YES;
				CLANG_WARN_ENUM_CONVERSION = YES;
				CLANG_WARN_INFINITE_RECURSION = YES;
				CLANG_WARN_INT_CONVERSION = YES;
				CLANG_WARN_NON_LITERAL_NULL_CONVERSION = YES;
				CLANG_WARN_OBJC_IMPLICIT_RETAIN_SELF = YES;
				CLANG_WARN_OBJC_LITERAL_CONVERSION = YES;
				CLANG_WARN_OBJC_ROOT_CLASS = YES_ERROR;
				CLANG_WARN_RANGE_LOOP_ANALYSIS = YES;
				CLANG_WARN_STRICT_PROTOTYPES = YES;
				CLANG_WARN_SUSPICIOUS_MOVE = YES;
				CLANG_WARN_UNGUARDED_AVAILABILITY = YES_AGGRESSIVE;
				CLANG_WARN_UNREACHABLE_CODE = YES;
				CLANG_WARN__DUPLICATE_METHOD_MATCH = YES;
				CODE_SIGN_IDENTITY = "iPhone Developer";
				COPY_PHASE_STRIP = NO;
				DEBUG_INFORMATION_FORMAT = "dwarf-with-dsym";
				ENABLE_NS_ASSERTIONS = NO;
				ENABLE_STRICT_OBJC_MSGSEND = YES;
				GCC_C_LANGUAGE_STANDARD = gnu11;
				GCC_NO_COMMON_BLOCKS = YES;
				GCC_WARN_64_TO_32_BIT_CONVERSION = YES;
				GCC_WARN_ABOUT_RETURN_TYPE = YES_ERROR;
				GCC_WARN_UNDECLARED_SELECTOR = YES;
				GCC_WARN_UNINITIALIZED_AUTOS = YES_AGGRESSIVE;
				GCC_WARN_UNUSED_FUNCTION = YES;
				GCC_WARN_UNUSED_VARIABLE = YES;
				IPHONEOS_DEPLOYMENT_TARGET = 11.4;
				MTL_ENABLE_DEBUG_INFO = NO;
				SDKROOT = iphoneos;
				VALIDATE_PRODUCT = YES;
			};
			name = Release;
		};
		048691FD20F6E7C100C1FEA4 /* Debug */ = {
			isa = XCBuildConfiguration;
			buildSettings = {
				ASSETCATALOG_COMPILER_APPICON_NAME = AppIcon;
				CODE_SIGN_STYLE = Automatic;
				INFOPLIST_FILE = Instrument/Info.plist;
				LD_RUNPATH_SEARCH_PATHS = (
					"$(inherited)",
					"@executable_path/Frameworks",
				);
				PRODUCT_BUNDLE_IDENTIFIER = grace.Instrument;
				PRODUCT_NAME = "$(TARGET_NAME)";
				TARGETED_DEVICE_FAMILY = "1,2";
			};
			name = Debug;
		};
		048691FE20F6E7C100C1FEA4 /* Release */ = {
			isa = XCBuildConfiguration;
			buildSettings = {
				ASSETCATALOG_COMPILER_APPICON_NAME = AppIcon;
				CODE_SIGN_STYLE = Automatic;
				INFOPLIST_FILE = Instrument/Info.plist;
				LD_RUNPATH_SEARCH_PATHS = (
					"$(inherited)",
					"@executable_path/Frameworks",
				);
				PRODUCT_BUNDLE_IDENTIFIER = grace.Instrument;
				PRODUCT_NAME = "$(TARGET_NAME)";
				TARGETED_DEVICE_FAMILY = "1,2";
			};
			name = Release;
		};
		0486920020F6E7C100C1FEA4 /* Debug */ = {
			isa = XCBuildConfiguration;
			buildSettings = {
				BUNDLE_LOADER = "$(TEST_HOST)";
				CODE_SIGN_STYLE = Automatic;
				INFOPLIST_FILE = InstrumentTests/Info.plist;
				LD_RUNPATH_SEARCH_PATHS = (
					"$(inherited)",
					"@executable_path/Frameworks",
					"@loader_path/Frameworks",
				);
				PRODUCT_BUNDLE_IDENTIFIER = grace.InstrumentTests;
				PRODUCT_NAME = "$(TARGET_NAME)";
				TARGETED_DEVICE_FAMILY = "1,2";
				TEST_HOST = "$(BUILT_PRODUCTS_DIR)/Instrument.app/Instrument";
			};
			name = Debug;
		};
		0486920120F6E7C100C1FEA4 /* Release */ = {
			isa = XCBuildConfiguration;
			buildSettings = {
				BUNDLE_LOADER = "$(TEST_HOST)";
				CODE_SIGN_STYLE = Automatic;
				INFOPLIST_FILE = InstrumentTests/Info.plist;
				LD_RUNPATH_SEARCH_PATHS = (
					"$(inherited)",
					"@executable_path/Frameworks",
					"@loader_path/Frameworks",
				);
				PRODUCT_BUNDLE_IDENTIFIER = grace.InstrumentTests;
				PRODUCT_NAME = "$(TARGET_NAME)";
				TARGETED_DEVICE_FAMILY = "1,2";
				TEST_HOST = "$(BUILT_PRODUCTS_DIR)/Instrument.app/Instrument";
			};
			name = Release;
		};
		0486920320F6E7C100C1FEA4 /* Debug */ = {
			isa = XCBuildConfiguration;
			buildSettings = {
				CODE_SIGN_STYLE = Automatic;
				INFOPLIST_FILE = InstrumentUITests/Info.plist;
				LD_RUNPATH_SEARCH_PATHS = (
					"$(inherited)",
					"@executable_path/Frameworks",
					"@loader_path/Frameworks",
				);
				PRODUCT_BUNDLE_IDENTIFIER = grace.InstrumentUITests;
				PRODUCT_NAME = "$(TARGET_NAME)";
				TARGETED_DEVICE_FAMILY = "1,2";
				TEST_TARGET_NAME = Instrument;
			};
			name = Debug;
		};
		0486920420F6E7C100C1FEA4 /* Release */ = {
			isa = XCBuildConfiguration;
			buildSettings = {
				CODE_SIGN_STYLE = Automatic;
				INFOPLIST_FILE = InstrumentUITests/Info.plist;
				LD_RUNPATH_SEARCH_PATHS = (
					"$(inherited)",
					"@executable_path/Frameworks",
					"@loader_path/Frameworks",
				);
				PRODUCT_BUNDLE_IDENTIFIER = grace.InstrumentUITests;
				PRODUCT_NAME = "$(TARGET_NAME)";
				TARGETED_DEVICE_FAMILY = "1,2";
				TEST_TARGET_NAME = Instrument;
			};
			name = Release;
		};
/* End XCBuildConfiguration section */

/* Begin XCConfigurationList section */
		048691CB20F6E7BF00C1FEA4 /* Build configuration list for PBXProject "Instrument" */ = {
			isa = XCConfigurationList;
			buildConfigurations = (
				048691FA20F6E7C100C1FEA4 /* Debug */,
				048691FB20F6E7C100C1FEA4 /* Release */,
			);
			defaultConfigurationIsVisible = 0;
			defaultConfigurationName = Release;
		};
		048691FC20F6E7C100C1FEA4 /* Build configuration list for PBXNativeTarget "Instrument" */ = {
			isa = XCConfigurationList;
			buildConfigurations = (
				048691FD20F6E7C100C1FEA4 /* Debug */,
				048691FE20F6E7C100C1FEA4 /* Release */,
			);
			defaultConfigurationIsVisible = 0;
			defaultConfigurationName = Release;
		};
		048691FF20F6E7C100C1FEA4 /* Build configuration list for PBXNativeTarget "InstrumentTests" */ = {
			isa = XCConfigurationList;
			buildConfigurations = (
				0486920020F6E7C100C1FEA4 /* Debug */,
				0486920120F6E7C100C1FEA4 /* Release */,
			);
			defaultConfigurationIsVisible = 0;
			defaultConfigurationName = Release;
		};
		0486920220F6E7C100C1FEA4 /* Build configuration list for PBXNativeTarget "InstrumentUITests" */ = {
			isa = XCConfigurationList;
			buildConfigurations = (
				0486920320F6E7C100C1FEA4 /* Debug */,
				0486920420F6E7C100C1FEA4 /* Release */,
			);
			defaultConfigurationIsVisible = 0;
			defaultConfigurationName = Release;
		};
/* End XCConfigurationList section */
	};
	rootObject = 048691C820F6E7BF00C1FEA4 /* Project object */;
}
